
Microsoft Visual Studio Solution File, Format Version 12.00
# Visual Studio Version 17
VisualStudioVersion = 17.5.33627.172
MinimumVisualStudioVersion = 10.0.40219.1
Project("{FAE04EC0-301F-11D3-BF4B-00C04F79EFBC}") = "CV_website", "CV_website\CV_website.csproj", "{7EB16831-F40E-4403-8A95-8E974142D522}"
EndProject
Global
	GlobalSection(SolutionConfigurationPlatforms) = preSolution
		Debug|Any CPU = Debug|Any CPU
		Release|Any CPU = Release|Any CPU
	EndGlobalSection
	GlobalSection(ProjectConfigurationPlatforms) = postSolution
		{7EB16831-F40E-4403-8A95-8E974142D522}.Debug|Any CPU.ActiveCfg = Debug|Any CPU
		{7EB16831-F40E-4403-8A95-8E974142D522}.Debug|Any CPU.Build.0 = Debug|Any CPU
		{7EB16831-F40E-4403-8A95-8E974142D522}.Release|Any CPU.ActiveCfg = Release|Any CPU
		{7EB16831-F40E-4403-8A95-8E974142D522}.Release|Any CPU.Build.0 = Release|Any CPU
	EndGlobalSection
	GlobalSection(SolutionProperties) = preSolution
		HideSolutionNode = FALSE
	EndGlobalSection
	GlobalSection(ExtensibilityGlobals) = postSolution
		SolutionGuid = {857C4180-335B-4A7C-8988-E7BE1CF0C755}
	EndGlobalSection
EndGlobal
